# The addon commits servers install and the client shell is exported from.
# Written by tools/addons-lock.sh write; read by setup.sh. repo<TAB>ref.
dot-2d	v0.1.2
dot-achievements	v0.1.2
dot-audio	v0.1.2
dot-auth	v0.1.2
dot-browser	v0.1.2
dot-chat	v0.1.2
dot-cloud	v0.1.3
dot-combat	v0.1.2
dot-console	v0.1.2
dot-core	v0.1.2
dot-economy	v0.1.2
dot-effects	v0.1.2
dot-entity	v0.1.2
dot-friends	v0.1.2
dot-fx	v0.1.2
dot-game	v0.1.2
dot-inventory	v0.1.2
dot-leaderboard	v0.1.2
dot-lighting	v0.1.2
dot-loadout	v0.1.2
dot-locale	v0.1.2
dot-log	v0.1.2
dot-map	v0.1.2
dot-match	v0.1.2
dot-matchmaking	v0.1.3
dot-moderation	v0.1.2
dot-net	v0.1.2
dot-npc	v0.1.2
dot-npc-ai	v0.1.2
dot-npc-ai-director	v0.1.2
dot-objective	v0.1.2
dot-party	v0.1.2
dot-peer-to-peer	v0.1.2
dot-physics	v0.1.2
dot-platform	v0.1.2
dot-player	v0.1.2
dot-player-char	v0.1.2
dot-player-class	v0.1.2
dot-player-controller	v0.1.3
dot-procedural-generation	v0.1.2
dot-props	v0.1.2
dot-replay	v0.1.2
dot-server	v0.1.3
dot-server-query	v0.1.2
dot-server-security	v0.1.2
dot-settings	v0.1.2
dot-spawn	v0.1.2
dot-spectate	v0.1.2
dot-stats	v0.1.2
dot-team	v0.1.2
dot-timer	v0.1.2
dot-ui	v0.1.2
dot-user	v0.1.2
dot-user-avatar	v0.1.2
dot-vehicle	v0.1.2
dot-voice	v0.1.2
dot-vote	v0.1.2
dot-weapon	v0.1.2
zee-dot-weapons	v0.1.2
